<?xml version="1.0" encoding="utf-8"?>
<Project ToolsVersion="4.0" xmlns="http://schemas.microsoft.com/developer/msbuild/2003">
  <ItemGroup>
    <Filter Include="Source Files">
      <UniqueIdentifier>{4FC737F1-C7A5-4376-A066-2A32D752A2FF}</UniqueIdentifier>
      <Extensions>cpp;c;cc;cxx;def;odl;idl;hpj;bat;asm;asmx</Extensions>
    </Filter>
    <Filter Include="Header Files">
      <UniqueIdentifier>{93995380-89BD-4b04-88EB-625FBE52EBFB}</UniqueIdentifier>
      <Extensions>h;hpp;hxx;hm;inl;inc;xsd</Extensions>
    </Filter>
  </ItemGroup>
  <ItemGroup>
    <ClCompile Include="DiskGeom.cpp">
      <Filter>Source Files</Filter>
    </ClCompile>
    <ClCompile Include="DiskSmart.cpp">
      <Filter>Source Files</Filter>
    </ClCompile>
    <ClCompile Include="FileAllocation.cpp">
      <Filter>Source Files</Filter>
    </ClCompile>
    <ClCompile Include="FsInfo.cpp">
      <Filter>Source Files</Filter>
    </ClCompile>
    <ClCompile Include="ListOpenHandles.cpp">
      <Filter>Source Files</Filter>
    </ClCompile>
    <ClCompile Include="Mfile.cpp">
      <Filter>Source Files</Filter>
    </ClCompile>
    <ClCompile Include="NetSysInfo.cpp">
      <Filter>Source Files</Filter>
    </ClCompile>
    <ClCompile Include="NtfsSysFiles.cpp">
      <Filter>Source Files</Filter>
    </ClCompile>
    <ClCompile Include="FsUtil.cpp">
      <Filter>Source Files</Filter>
    </ClCompile>
    <ClCompile Include="PsUtil.cpp">
      <Filter>Source Files</Filter>
    </ClCompile>
    <ClCompile Include="DiskAttr.cpp">
      <Filter>Source Files</Filter>
    </ClCompile>
  </ItemGroup>
  <ItemGroup>
    <ClInclude Include="ListOpenHandles.h">
      <Filter>Header Files</Filter>
    </ClInclude>
    <ClInclude Include="Support.h">
      <Filter>Header Files</Filter>
    </ClInclude>
    <ClInclude Include="Hnd.h">
      <Filter>Header Files</Filter>
    </ClInclude>
    <ClInclude Include="FsUtil.h">
      <Filter>Header Files</Filter>
    </ClInclude>
    <ClInclude Include="TeeStream.h">
      <Filter>Header Files</Filter>
    </ClInclude>
    <ClInclude Include="PsUtil.h">
      <Filter>Header Files</Filter>
    </ClInclude>
    <ClInclude Include="Options.h">
      <Filter>Header Files</Filter>
    </ClInclude>
    <ClInclude Include="NetSysInfo.h">
      <Filter>Header Files</Filter>
    </ClInclude>
    <ClInclude Include="NtApi.h">
      <Filter>Header Files</Filter>
    </ClInclude>
  </ItemGroup>
</Project>